
Microsoft Visual Studio Solution File, Format Version 12.00
# Visual Studio Version 17
VisualStudioVersion = 17.11.35327.3
MinimumVisualStudioVersion = 10.0.40219.1
Project("{8BC9CEB8-8B4A-11D0-8D11-00A0C91BC942}") = "ANGHEL_ANDREI_MIRCEA_ActivitateSD2025", "ANGHEL_ANDREI_MIRCEA_ActivitateSD2025\ANGHEL_ANDREI_MIRCEA_ActivitateSD2025.vcxproj", "{22A5D50E-0C8E-4593-9654-4011723C3D89}"
EndProject
Global
	GlobalSection(SolutionConfigurationPlatforms) = preSolution
		Debug|x64 = Debug|x64
		Debug|x86 = Debug|x86
		Release|x64 = Release|x64
		Release|x86 = Release|x86
	EndGlobalSection
	GlobalSection(ProjectConfigurationPlatforms) = postSolution
		{22A5D50E-0C8E-4593-9654-4011723C3D89}.Debug|x64.ActiveCfg = Debug|x64
		{22A5D50E-0C8E-4593-9654-4011723C3D89}.Debug|x64.Build.0 = Debug|x64
		{22A5D50E-0C8E-4593-9654-4011723C3D89}.Debug|x86.ActiveCfg = Debug|Win32
		{22A5D50E-0C8E-4593-9654-4011723C3D89}.Debug|x86.Build.0 = Debug|Win32
		{22A5D50E-0C8E-4593-9654-4011723C3D89}.Release|x64.ActiveCfg = Release|x64
		{22A5D50E-0C8E-4593-9654-4011723C3D89}.Release|x64.Build.0 = Release|x64
		{22A5D50E-0C8E-4593-9654-4011723C3D89}.Release|x86.ActiveCfg = Release|Win32
		{22A5D50E-0C8E-4593-9654-4011723C3D89}.Release|x86.Build.0 = Release|Win32
	EndGlobalSection
	GlobalSection(SolutionProperties) = preSolution
		HideSolutionNode = FALSE
	EndGlobalSection
	GlobalSection(ExtensibilityGlobals) = postSolution
		SolutionGuid = {78DD51DC-27F3-4F4E-9970-68FE346EBD22}
	EndGlobalSection
EndGlobal
