<?xml version="1.0" encoding="utf-8"?>
<Project ToolsVersion="4.0" xmlns="http://schemas.microsoft.com/developer/msbuild/2003">
  <ItemGroup>
    <Filter Include="Course">
      <UniqueIdentifier>{d929adc3-8517-4373-8657-80b1efd1138d}</UniqueIdentifier>
    </Filter>
    <Filter Include="Practice">
      <UniqueIdentifier>{32fb0b53-ca9d-4b49-93fe-c7ce4b094d8d}</UniqueIdentifier>
    </Filter>
    <Filter Include="Course\Course1">
      <UniqueIdentifier>{e74ad4da-3138-4a39-9cfc-f67615880337}</UniqueIdentifier>
    </Filter>
    <Filter Include="Course\Course1\Source Files">
      <UniqueIdentifier>{4FC737F1-C7A5-4376-A066-2A32D752A2FF}</UniqueIdentifier>
      <Extensions>cpp;c;cc;cxx;c++;cppm;ixx;def;odl;idl;hpj;bat;asm;asmx</Extensions>
    </Filter>
    <Filter Include="Course\Course2">
      <UniqueIdentifier>{7c5a2d5b-4939-4379-ae9a-e1f6f1fe6812}</UniqueIdentifier>
    </Filter>
    <Filter Include="Course\Course2\Source Files">
      <UniqueIdentifier>{e992bf1b-c32f-4003-bbdd-00849fa87712}</UniqueIdentifier>
    </Filter>
    <Filter Include="Course\Course2\Resource Files">
      <UniqueIdentifier>{fb2f07f4-22f7-4c92-85ae-db9778af048b}</UniqueIdentifier>
    </Filter>
    <Filter Include="Course\Course3">
      <UniqueIdentifier>{fd79e5cd-1142-4d62-9ff7-554c65a0c69d}</UniqueIdentifier>
    </Filter>
    <Filter Include="Course\Course3\Source Files">
      <UniqueIdentifier>{31b459ac-4778-45f1-b2f4-9f1e6dd847da}</UniqueIdentifier>
    </Filter>
  </ItemGroup>
  <ItemGroup>
    <ClCompile Include="Course\Course1\App.c">
      <Filter>Course\Course1\Source Files</Filter>
    </ClCompile>
    <ClCompile Include="Course\Course2\App.c">
      <Filter>Course\Course2\Source Files</Filter>
    </ClCompile>
    <ClCompile Include="App.c">
      <Filter>Course\Course3\Source Files</Filter>
    </ClCompile>
  </ItemGroup>
  <ItemGroup>
    <Text Include="Course\Course2\masini.txt">
      <Filter>Course\Course2\Resource Files</Filter>
    </Text>
  </ItemGroup>
</Project>